
Microsoft Visual Studio Solution File, Format Version 12.00
# Visual Studio Version 17
VisualStudioVersion = 17.0.31912.275
MinimumVisualStudioVersion = 10.0.40219.1
Project("{FAE04EC0-301F-11D3-BF4B-00C04F79EFBC}") = "DawnVREnabler", "DawnVREnabler\DawnVREnabler.csproj", "{C33921DC-5778-4EEC-A2D0-E0AE522CC701}"
EndProject
Project("{FAE04EC0-301F-11D3-BF4B-00C04F79EFBC}") = "DawnVRMod", "DawnVRMod\DawnVRMod.csproj", "{8A76BD49-E37F-4A13-A9BC-3C01E54BEACB}"
EndProject
Global
	GlobalSection(SolutionConfigurationPlatforms) = preSolution
		Debug|Any CPU = Debug|Any CPU
		Debug|x64 = Debug|x64
		Debug|x86 = Debug|x86
		Release|Any CPU = Release|Any CPU
		Release|x64 = Release|x64
		Release|x86 = Release|x86
	EndGlobalSection
	GlobalSection(ProjectConfigurationPlatforms) = postSolution
		{C33921DC-5778-4EEC-A2D0-E0AE522CC701}.Debug|Any CPU.ActiveCfg = Debug|Any CPU
		{C33921DC-5778-4EEC-A2D0-E0AE522CC701}.Debug|Any CPU.Build.0 = Debug|Any CPU
		{C33921DC-5778-4EEC-A2D0-E0AE522CC701}.Debug|x64.ActiveCfg = Debug|Any CPU
		{C33921DC-5778-4EEC-A2D0-E0AE522CC701}.Debug|x64.Build.0 = Debug|Any CPU
		{C33921DC-5778-4EEC-A2D0-E0AE522CC701}.Debug|x86.ActiveCfg = Debug|Any CPU
		{C33921DC-5778-4EEC-A2D0-E0AE522CC701}.Debug|x86.Build.0 = Debug|Any CPU
		{C33921DC-5778-4EEC-A2D0-E0AE522CC701}.Release|Any CPU.ActiveCfg = Release|Any CPU
		{C33921DC-5778-4EEC-A2D0-E0AE522CC701}.Release|Any CPU.Build.0 = Release|Any CPU
		{C33921DC-5778-4EEC-A2D0-E0AE522CC701}.Release|x64.ActiveCfg = Release|Any CPU
		{C33921DC-5778-4EEC-A2D0-E0AE522CC701}.Release|x64.Build.0 = Release|Any CPU
		{C33921DC-5778-4EEC-A2D0-E0AE522CC701}.Release|x86.ActiveCfg = Release|Any CPU
		{C33921DC-5778-4EEC-A2D0-E0AE522CC701}.Release|x86.Build.0 = Release|Any CPU
		{8A76BD49-E37F-4A13-A9BC-3C01E54BEACB}.Debug|Any CPU.ActiveCfg = Release_OG|Any CPU
		{8A76BD49-E37F-4A13-A9BC-3C01E54BEACB}.Debug|Any CPU.Build.0 = Release_OG|Any CPU
		{8A76BD49-E37F-4A13-A9BC-3C01E54BEACB}.Debug|x64.ActiveCfg = Debug|Any CPU
		{8A76BD49-E37F-4A13-A9BC-3C01E54BEACB}.Debug|x64.Build.0 = Debug|Any CPU
		{8A76BD49-E37F-4A13-A9BC-3C01E54BEACB}.Debug|x86.ActiveCfg = Debug|Any CPU
		{8A76BD49-E37F-4A13-A9BC-3C01E54BEACB}.Debug|x86.Build.0 = Debug|Any CPU
		{8A76BD49-E37F-4A13-A9BC-3C01E54BEACB}.Release|Any CPU.ActiveCfg = Release_RM|Any CPU
		{8A76BD49-E37F-4A13-A9BC-3C01E54BEACB}.Release|Any CPU.Build.0 = Release_RM|Any CPU
		{8A76BD49-E37F-4A13-A9BC-3C01E54BEACB}.Release|x64.ActiveCfg = Release_OG|Any CPU
		{8A76BD49-E37F-4A13-A9BC-3C01E54BEACB}.Release|x64.Build.0 = Release_OG|Any CPU
		{8A76BD49-E37F-4A13-A9BC-3C01E54BEACB}.Release|x86.ActiveCfg = Release_OG|Any CPU
		{8A76BD49-E37F-4A13-A9BC-3C01E54BEACB}.Release|x86.Build.0 = Release_OG|Any CPU
	EndGlobalSection
	GlobalSection(SolutionProperties) = preSolution
		HideSolutionNode = FALSE
	EndGlobalSection
	GlobalSection(ExtensibilityGlobals) = postSolution
		SolutionGuid = {71D767E6-7206-42FF-AA00-C4AB5520E483}
	EndGlobalSection
EndGlobal
